
Microsoft Visual Studio Solution File, Format Version 12.00
# Visual Studio Version 17
VisualStudioVersion = 17.12.35527.113 d17.12
MinimumVisualStudioVersion = 10.0.40219.1
Project("{FAE04EC0-301F-11D3-BF4B-00C04F79EFBC}") = "API", "API.csproj", "{22421621-2A35-49C0-ACF2-AF2D50C92CB8}"
EndProject
Project("{FAE04EC0-301F-11D3-BF4B-00C04F79EFBC}") = "DAL", "..\DAL\DAL.csproj", "{53656343-11D8-43DB-8B06-20F9D9E7A765}"
EndProject
Project("{FAE04EC0-301F-11D3-BF4B-00C04F79EFBC}") = "BLL", "..\BLL\BLL.csproj", "{26134BB2-3859-4B2C-A6E2-79F560C3694E}"
EndProject
Global
	GlobalSection(SolutionConfigurationPlatforms) = preSolution
		Debug|Any CPU = Debug|Any CPU
		Release|Any CPU = Release|Any CPU
	EndGlobalSection
	GlobalSection(ProjectConfigurationPlatforms) = postSolution
		{22421621-2A35-49C0-ACF2-AF2D50C92CB8}.Debug|Any CPU.ActiveCfg = Debug|Any CPU
		{22421621-2A35-49C0-ACF2-AF2D50C92CB8}.Debug|Any CPU.Build.0 = Debug|Any CPU
		{22421621-2A35-49C0-ACF2-AF2D50C92CB8}.Release|Any CPU.ActiveCfg = Release|Any CPU
		{22421621-2A35-49C0-ACF2-AF2D50C92CB8}.Release|Any CPU.Build.0 = Release|Any CPU
		{53656343-11D8-43DB-8B06-20F9D9E7A765}.Debug|Any CPU.ActiveCfg = Debug|Any CPU
		{53656343-11D8-43DB-8B06-20F9D9E7A765}.Debug|Any CPU.Build.0 = Debug|Any CPU
		{53656343-11D8-43DB-8B06-20F9D9E7A765}.Release|Any CPU.ActiveCfg = Release|Any CPU
		{53656343-11D8-43DB-8B06-20F9D9E7A765}.Release|Any CPU.Build.0 = Release|Any CPU
		{26134BB2-3859-4B2C-A6E2-79F560C3694E}.Debug|Any CPU.ActiveCfg = Debug|Any CPU
		{26134BB2-3859-4B2C-A6E2-79F560C3694E}.Debug|Any CPU.Build.0 = Debug|Any CPU
		{26134BB2-3859-4B2C-A6E2-79F560C3694E}.Release|Any CPU.ActiveCfg = Release|Any CPU
		{26134BB2-3859-4B2C-A6E2-79F560C3694E}.Release|Any CPU.Build.0 = Release|Any CPU
	EndGlobalSection
	GlobalSection(SolutionProperties) = preSolution
		HideSolutionNode = FALSE
	EndGlobalSection
EndGlobal
